github.com/marusama/cyclicbarrier v0.0.0-20181027101648-08d457ab265c h1:vG6JbRFc93d2Mz+715yVOp3fMUAIaUdt9ddGBRqb/Kk=
github.com/marusama/cyclicbarrier v0.0.0-20181027101648-08d457ab265c/go.mod h1:iQ75sUuUM7+Un77+lW8Eu/smgdrPHWa/5Nn6IukwWVU=
github.com/petermattis/goid v0.0.0-20180202154549-b0b1615b78e5 h1:q2e307iGHPdTGp0hoxKjt1H5pDo6utceo3dQVK3I5XQ=
github.com/petermattis/goid v0.0.0-20180202154549-b0b1615b78e5/go.mod h1:jvVRKCrJTQWu0XVbaOlby/2lO20uSCHEMzzplHXte1o=
golang.org/x/sync v0.0.0-20190911185100-cd5d95a43a6e h1:vcxGaoTs7kV8m5Np9uUNQin4BrLOthgV7252N8V+FwY=
golang.org/x/sync v0.0.0-20190911185100-cd5d95a43a6e/go.mod h1:RxMgew5VJxzue5/jJTE5uejpjVlOe/izrB70Jof72aM=
